<?xml version="1.0" encoding="utf-8"?>
<Project ToolsVersion="4.0" xmlns="http://schemas.microsoft.com/developer/msbuild/2003">
  <ItemGroup>
    <Filter Include="Source Files">
      <UniqueIdentifier>{4FC737F1-C7A5-4376-A066-2A32D752A2FF}</UniqueIdentifier>
      <Extensions>cpp;c;cc;cxx;def;odl;idl;hpj;bat;asm;asmx</Extensions>
    </Filter>
    <Filter Include="Header Files">
      <UniqueIdentifier>{93995380-89BD-4b04-88EB-625FBE52EBFB}</UniqueIdentifier>
      <Extensions>h;hpp;hxx;hm;inl;inc;xsd</Extensions>
    </Filter>
  </ItemGroup>
  <ItemGroup>
    <ClCompile Include="AssemblyInfo.cpp">
      <Filter>Source Files</Filter>
    </ClCompile>
    <ClCompile Include="Stdafx.cpp">
      <Filter>Source Files</Filter>
    </ClCompile>
    <ClCompile Include="Internals\StringUtils.cpp">
      <Filter>Source Files</Filter>
    </ClCompile>
    <ClCompile Include="Internals\CefRequestWrapper.cpp">
      <Filter>Source Files</Filter>
    </ClCompile>
    <ClCompile Include="Internals\CookieVisitor.cpp">
      <Filter>Source Files</Filter>
    </ClCompile>
    <ClCompile Include="Internals\ClientAdapter.cpp">
      <Filter>Source Files</Filter>
    </ClCompile>
    <ClCompile Include="Internals\StreamAdapter.cpp">
      <Filter>Source Files</Filter>
    </ClCompile>
    <ClCompile Include="SchemeHandlerWrapper.cpp">
      <Filter>Source Files</Filter>
    </ClCompile>
    <ClCompile Include="SchemeHandlerResponse.cpp">
      <Filter>Source Files</Filter>
    </ClCompile>
    <ClCompile Include="Internals\CefWebPluginInfoWrapper.cpp">
      <Filter>Source Files</Filter>
    </ClCompile>
    <ClCompile Include="Internals\StringVisitor.cpp">
      <Filter>Source Files</Filter>
    </ClCompile>
    <ClCompile Include="Internals\DownloadAdapter.cpp">
      <Filter>Source Files</Filter>
    </ClCompile>
    <ClCompile Include="Internals\CompletionHandler.cpp">
      <Filter>Source Files</Filter>
    </ClCompile>
  </ItemGroup>
  <ItemGroup>
    <ClInclude Include="vcclr_local.h">
      <Filter>Header Files</Filter>
    </ClInclude>
    <ClInclude Include="Stdafx.h">
      <Filter>Header Files</Filter>
    </ClInclude>
    <ClInclude Include="Cef.h">
      <Filter>Header Files</Filter>
    </ClInclude>
    <ClInclude Include="Internals\StringUtils.h">
      <Filter>Header Files</Filter>
    </ClInclude>
    <ClInclude Include="Internals\CefSharpApp.h">
      <Filter>Header Files</Filter>
    </ClInclude>
    <ClInclude Include="Internals\CefRequestWrapper.h">
      <Filter>Header Files</Filter>
    </ClInclude>
    <ClInclude Include="Internals\CookieVisitor.h">
      <Filter>Header Files</Filter>
    </ClInclude>
    <ClInclude Include="Internals\MCefRefPtr.h">
      <Filter>Header Files</Filter>
    </ClInclude>
    <ClInclude Include="Internals\ClientAdapter.h">
      <Filter>Header Files</Filter>
    </ClInclude>
    <ClInclude Include="Internals\DownloadAdapter.h">
      <Filter>Header Files</Filter>
    </ClInclude>
    <ClInclude Include="Internals\StreamAdapter.h">
      <Filter>Header Files</Filter>
    </ClInclude>
    <ClInclude Include="BrowserSettings.h">
      <Filter>Header Files</Filter>
    </ClInclude>
    <ClInclude Include="MouseButtonType.h">
      <Filter>Header Files</Filter>
    </ClInclude>
    <ClInclude Include="Internals\RenderClientAdapter.h">
      <Filter>Header Files</Filter>
    </ClInclude>
    <ClInclude Include="SchemeHandlerWrapper.h">
      <Filter>Header Files</Filter>
    </ClInclude>
    <ClInclude Include="SchemeHandlerResponse.h">
      <Filter>Header Files</Filter>
    </ClInclude>
    <ClInclude Include="ManagedCefBrowserAdapter.h">
      <Filter>Header Files</Filter>
    </ClInclude>
    <ClInclude Include="CefSettings.h">
      <Filter>Header Files</Filter>
    </ClInclude>
    <ClInclude Include="Internals\CefWebPluginInfoWrapper.h">
      <Filter>Header Files</Filter>
    </ClInclude>
    <ClInclude Include="Internals\StringVisitor.h">
      <Filter>Header Files</Filter>
    </ClInclude>
    <ClInclude Include="Internals\CompletionHandler.h">
      <Filter>Header Files</Filter>
    </ClInclude>
    <ClInclude Include="Internals\AutoLock.h">
      <Filter>Header Files</Filter>
    </ClInclude>
    <ClInclude Include="Internals\CefDragDataWrapper.h">
      <Filter>Header Files</Filter>
    </ClInclude>
  </ItemGroup>
  <ItemGroup>
    <None Include="packages.config" />
  </ItemGroup>
</Project>