<?xml version="1.0" encoding="utf-8"?>
<Project ToolsVersion="4.0" xmlns="http://schemas.microsoft.com/developer/msbuild/2003">
  <ItemGroup>
    <Filter Include="Source Files">
      <UniqueIdentifier>{4FC737F1-C7A5-4376-A066-2A32D752A2FF}</UniqueIdentifier>
      <Extensions>cpp;c;cc;cxx;def;odl;idl;hpj;bat;asm;asmx</Extensions>
    </Filter>
    <Filter Include="Header Files">
      <UniqueIdentifier>{93995380-89BD-4b04-88EB-625FBE52EBFB}</UniqueIdentifier>
      <Extensions>h;hpp;hxx;hm;inl;inc;xsd</Extensions>
    </Filter>
  </ItemGroup>
  <ItemGroup>
    <ClCompile Include="AssemblyInfo.cpp">
      <Filter>Source Files</Filter>
    </ClCompile>
    <ClCompile Include="Stdafx.cpp">
      <Filter>Source Files</Filter>
    </ClCompile>
    <ClCompile Include="Internals\ClientAdapter.cpp">
      <Filter>Source Files</Filter>
    </ClCompile>
    <ClCompile Include="Internals\CefContextMenuParamsWrapper.cpp">
      <Filter>Source Files</Filter>
    </ClCompile>
    <ClCompile Include="NativeMethodWrapper.cpp">
      <Filter>Source Files</Filter>
    </ClCompile>
    <ClCompile Include="ManagedCefBrowserAdapter.cpp">
      <Filter>Source Files</Filter>
    </ClCompile>
    <ClCompile Include="Internals\CefFrameWrapper.cpp">
      <Filter>Source Files</Filter>
    </ClCompile>
    <ClCompile Include="Internals\CefBrowserHostWrapper.cpp">
      <Filter>Source Files</Filter>
    </ClCompile>
    <ClCompile Include="Internals\Serialization\V8Serialization.cpp">
      <Filter>Source Files</Filter>
    </ClCompile>
    <ClCompile Include="Internals\Serialization\Primitives.cpp">
      <Filter>Source Files</Filter>
    </ClCompile>
    <ClCompile Include="Internals\JavascriptCallbackProxy.cpp">
      <Filter>Source Files</Filter>
    </ClCompile>
    <ClCompile Include="Internals\JavascriptCallbackFactory.cpp">
      <Filter>Source Files</Filter>
    </ClCompile>
    <ClCompile Include="Internals\Serialization\JsObjectsSerialization.cpp">
      <Filter>Source Files</Filter>
    </ClCompile>
    <ClCompile Include="Internals\Serialization\ObjectsSerialization.cpp">
      <Filter>Source Files</Filter>
    </ClCompile>
    <ClCompile Include="CookieManager.cpp">
      <Filter>Source Files</Filter>
    </ClCompile>
    <ClCompile Include="Internals\CefRequestContextHandlerAdapter.cpp">
      <Filter>Source Files</Filter>
    </ClCompile>
    <ClCompile Include="Internals\CefValueWrapper.cpp">
      <Filter>Source Files</Filter>
    </ClCompile>
    <ClCompile Include="Internals\CefExtensionWrapper.cpp">
      <Filter>Source Files</Filter>
    </ClCompile>
    <ClCompile Include="RequestContext.cpp">
      <Filter>Source Files</Filter>
    </ClCompile>
    <ClCompile Include="Internals\CefUrlRequestClientAdapter.cpp">
      <Filter>Source Files</Filter>
    </ClCompile>
    <ClCompile Include="UrlRequest.cpp">
      <Filter>Source Files</Filter>
    </ClCompile>
    <ClCompile Include="Request.cpp">
      <Filter>Source Files</Filter>
    </ClCompile>
    <ClCompile Include="Internals\CefBrowserWrapper.cpp">
      <Filter>Source Files</Filter>
    </ClCompile>
    <ClCompile Include="Internals\CefResourceHandlerAdapter.cpp">
      <Filter>Source Files</Filter>
    </ClCompile>
  </ItemGroup>
  <ItemGroup>
    <ClInclude Include="vcclr_local.h">
      <Filter>Header Files</Filter>
    </ClInclude>
    <ClInclude Include="Stdafx.h">
      <Filter>Header Files</Filter>
    </ClInclude>
    <ClInclude Include="Cef.h">
      <Filter>Header Files</Filter>
    </ClInclude>
    <ClInclude Include="Internals\StringUtils.h">
      <Filter>Header Files</Filter>
    </ClInclude>
    <ClInclude Include="Internals\CefSharpApp.h">
      <Filter>Header Files</Filter>
    </ClInclude>
    <ClInclude Include="Internals\MCefRefPtr.h">
      <Filter>Header Files</Filter>
    </ClInclude>
    <ClInclude Include="Internals\ClientAdapter.h">
      <Filter>Header Files</Filter>
    </ClInclude>
    <ClInclude Include="BrowserSettings.h">
      <Filter>Header Files</Filter>
    </ClInclude>
    <ClInclude Include="Internals\RenderClientAdapter.h">
      <Filter>Header Files</Filter>
    </ClInclude>
    <ClInclude Include="ManagedCefBrowserAdapter.h">
      <Filter>Header Files</Filter>
    </ClInclude>
    <ClInclude Include="Internals\CefContextMenuParamsWrapper.h">
      <Filter>Header Files</Filter>
    </ClInclude>
    <ClInclude Include="Internals\CefDragDataWrapper.h">
      <Filter>Header Files</Filter>
    </ClInclude>
    <ClInclude Include="Internals\CefTaskScheduler.h">
      <Filter>Header Files</Filter>
    </ClInclude>
    <ClInclude Include="NativeMethodWrapper.h">
      <Filter>Header Files</Filter>
    </ClInclude>
    <ClInclude Include="Internals\TypeConversion.h">
      <Filter>Header Files</Filter>
    </ClInclude>
    <ClInclude Include="Internals\CefTaskWrapper.h">
      <Filter>Header Files</Filter>
    </ClInclude>
    <ClInclude Include="Internals\ReportUnhandledExceptions.h">
      <Filter>Header Files</Filter>
    </ClInclude>
    <ClInclude Include="Internals\CefFrameWrapper.h">
      <Filter>Header Files</Filter>
    </ClInclude>
    <ClInclude Include="Internals\CefBrowserHostWrapper.h">
      <Filter>Header Files</Filter>
    </ClInclude>
    <ClInclude Include="Internals\CefDownloadItemCallbackWrapper.h">
      <Filter>Header Files</Filter>
    </ClInclude>
    <ClInclude Include="Internals\CefBeforeDownloadCallbackWrapper.h">
      <Filter>Header Files</Filter>
    </ClInclude>
    <ClInclude Include="Internals\CefFileDialogCallbackWrapper.h">
      <Filter>Header Files</Filter>
    </ClInclude>
    <ClInclude Include="Internals\CefAuthCallbackWrapper.h">
      <Filter>Header Files</Filter>
    </ClInclude>
    <ClInclude Include="Internals\CefRequestCallbackWrapper.h">
      <Filter>Header Files</Filter>
    </ClInclude>
    <ClInclude Include="Internals\CefJSDialogCallbackWrapper.h">
      <Filter>Header Files</Filter>
    </ClInclude>
    <ClInclude Include="Internals\CefCallbackWrapper.h">
      <Filter>Header Files</Filter>
    </ClInclude>
    <ClInclude Include="Internals\CefResponseWrapper.h">
      <Filter>Header Files</Filter>
    </ClInclude>
    <ClInclude Include="Internals\Serialization\V8Serialization.h">
      <Filter>Header Files</Filter>
    </ClInclude>
    <ClInclude Include="Internals\Serialization\Primitives.h">
      <Filter>Header Files</Filter>
    </ClInclude>
    <ClInclude Include="Internals\Messaging\Messages.h">
      <Filter>Header Files</Filter>
    </ClInclude>
    <ClInclude Include="Internals\JavascriptCallbackProxy.h">
      <Filter>Header Files</Filter>
    </ClInclude>
    <ClInclude Include="Internals\JavascriptCallbackFactory.h">
      <Filter>Header Files</Filter>
    </ClInclude>
    <ClInclude Include="RequestContext.h">
      <Filter>Header Files</Filter>
    </ClInclude>
    <ClInclude Include="RequestContextSettings.h">
      <Filter>Header Files</Filter>
    </ClInclude>
    <ClInclude Include="Internals\Serialization\JsObjectsSerialization.h">
      <Filter>Header Files</Filter>
    </ClInclude>
    <ClInclude Include="Internals\Serialization\ObjectsSerialization.h">
      <Filter>Header Files</Filter>
    </ClInclude>
    <ClInclude Include="WindowInfo.h">
      <Filter>Header Files</Filter>
    </ClInclude>
    <ClInclude Include="Internals\CefMenuModelWrapper.h">
      <Filter>Header Files</Filter>
    </ClInclude>
    <ClInclude Include="Internals\CefSslInfoWrapper.h">
      <Filter>Header Files</Filter>
    </ClInclude>
    <ClInclude Include="Internals\CefWrapper.h">
      <Filter>Header Files</Filter>
    </ClInclude>
    <ClInclude Include="Internals\CefCompletionCallbackAdapter.h">
      <Filter>Header Files</Filter>
    </ClInclude>
    <ClInclude Include="Internals\CefPdfPrintCallbackWrapper.h">
      <Filter>Header Files</Filter>
    </ClInclude>
    <ClInclude Include="Internals\CefPdfPrintCallbackWrapper.h">
      <Filter>Header Files</Filter>
    </ClInclude>
    <ClInclude Include="Internals\CefRunContextMenuCallbackWrapper.h">
      <Filter>Header Files</Filter>
    </ClInclude>
    <ClInclude Include="Internals\CefResponseFilterAdapter.h">
      <Filter>Header Files</Filter>
    </ClInclude>
    <ClInclude Include="PopupFeatures.h">
      <Filter>Header Files</Filter>
    </ClInclude>
    <ClInclude Include="Internals\CefResolveCallbackAdapter.h">
      <Filter>Header Files</Filter>
    </ClInclude>
    <ClInclude Include="Internals\CefNavigationEntryVisitorAdapter.h">
      <Filter>Header Files</Filter>
    </ClInclude>
    <ClInclude Include="CookieManager.h">
      <Filter>Header Files</Filter>
    </ClInclude>
    <ClInclude Include="Internals\CefCertificateCallbackWrapper.h">
      <Filter>Header Files</Filter>
    </ClInclude>
    <ClInclude Include="Internals\CefRegisterCdmCallbackAdapter.h">
      <Filter>Header Files</Filter>
    </ClInclude>
    <ClInclude Include="Internals\CefSetCookieCallbackAdapter.h">
      <Filter>Header Files</Filter>
    </ClInclude>
    <ClInclude Include="Internals\CefDeleteCookiesCallbackAdapter.h">
      <Filter>Header Files</Filter>
    </ClInclude>
    <ClInclude Include="resource.h">
      <Filter>Header Files</Filter>
    </ClInclude>
    <ClInclude Include="Internals\CefImageWrapper.h">
      <Filter>Header Files</Filter>
    </ClInclude>
    <ClInclude Include="Internals\CefWriteHandlerWrapper.h">
      <Filter>Header Files</Filter>
    </ClInclude>
    <ClInclude Include="Internals\CefRequestContextHandlerAdapter.h">
      <Filter>Header Files</Filter>
    </ClInclude>
    <ClInclude Include="Internals\CefValueWrapper.h">
      <Filter>Header Files</Filter>
    </ClInclude>
    <ClInclude Include="Internals\CefGetExtensionResourceCallbackWrapper.h">
      <Filter>Header Files</Filter>
    </ClInclude>
    <ClInclude Include="Internals\CefExtensionWrapper.h">
      <Filter>Header Files</Filter>
    </ClInclude>
    <ClInclude Include="Internals\CefExtensionHandlerAdapter.h">
      <Filter>Header Files</Filter>
    </ClInclude>
    <ClInclude Include="Internals\CefRunFileDialogCallbackAdapter.h">
      <Filter>Header Files</Filter>
    </ClInclude>
    <ClInclude Include="Internals\CefSchemeRegistrarWrapper.h">
      <Filter>Header Files</Filter>
    </ClInclude>
    <ClInclude Include="Internals\CefResourceRequestHandlerAdapter.h">
      <Filter>Header Files</Filter>
    </ClInclude>
    <ClInclude Include="Internals\CefCookieAccessFilterAdapter.h">
      <Filter>Header Files</Filter>
    </ClInclude>
    <ClInclude Include="Internals\CefResourceReadCallbackWrapper.h">
      <Filter>Header Files</Filter>
    </ClInclude>
    <ClInclude Include="Internals\CefResourceSkipCallbackWrapper.h">
      <Filter>Header Files</Filter>
    </ClInclude>
    <ClInclude Include="Internals\CefUrlRequestClientAdapter.h">
      <Filter>Header Files</Filter>
    </ClInclude>
    <ClInclude Include="UrlRequest.h">
      <Filter>Header Files</Filter>
    </ClInclude>
    <ClInclude Include="PostDataElement.h">
      <Filter>Header Files</Filter>
    </ClInclude>
    <ClInclude Include="PostData.h">
      <Filter>Header Files</Filter>
    </ClInclude>
    <ClInclude Include="Request.h">
      <Filter>Header Files</Filter>
    </ClInclude>
    <ClInclude Include="Internals\CefBrowserWrapper.h">
      <Filter>Header Files</Filter>
    </ClInclude>
    <ClInclude Include="Internals\CefCookieVisitorAdapter.h">
      <Filter>Header Files</Filter>
    </ClInclude>
    <ClInclude Include="Internals\CefStringVisitorAdapter.h">
      <Filter>Header Files</Filter>
    </ClInclude>
    <ClInclude Include="Internals\CefSchemeHandlerFactoryAdapter.h">
      <Filter>Header Files</Filter>
    </ClInclude>
    <ClInclude Include="Internals\CefWebPluginInfoVisitorAdapter.h">
      <Filter>Header Files</Filter>
    </ClInclude>
    <ClInclude Include="Internals\CefResourceHandlerAdapter.h">
      <Filter>Header Files</Filter>
    </ClInclude>
    <ClInclude Include="CefSettingsBase.h">
      <Filter>Header Files</Filter>
    </ClInclude>
    <ClInclude Include="Internals\CefDevToolsMessageObserverAdapter.h">
      <Filter>Header Files</Filter>
    </ClInclude>
    <ClInclude Include="Internals\CefRegistrationWrapper.h">
      <Filter>Header Files</Filter>
    </ClInclude>
  </ItemGroup>
  <ItemGroup>
    <ClInclude Include="Internals\CefFrameWrapper.h">
      <Filter>Header Files</Filter>
    </ClInclude>
  </ItemGroup>
  <ItemGroup>
    <ResourceCompile Include="Resource.rc" />
  </ItemGroup>
  <ItemGroup>
    <None Include="packages.config" />
  </ItemGroup>
</Project>