<?xml version="1.0" encoding="utf-8"?>
<Project ToolsVersion="4.0" xmlns="http://schemas.microsoft.com/developer/msbuild/2003">
  <ItemGroup>
    <Filter Include="Source Files">
      <UniqueIdentifier>{4FC737F1-C7A5-4376-A066-2A32D752A2FF}</UniqueIdentifier>
      <Extensions>cpp;c;cc;cxx;def;odl;idl;hpj;bat;asm;asmx</Extensions>
    </Filter>
    <Filter Include="Header Files">
      <UniqueIdentifier>{93995380-89BD-4b04-88EB-625FBE52EBFB}</UniqueIdentifier>
      <Extensions>h;hpp;hxx;hm;inl;inc;xsd</Extensions>
    </Filter>
  </ItemGroup>
  <ItemGroup>
    <ClInclude Include="Stdafx.h">
      <Filter>Header Files</Filter>
    </ClInclude>
    <ClInclude Include="JavascriptMethodHandler.h">
      <Filter>Header Files</Filter>
    </ClInclude>
    <ClInclude Include="JavascriptPropertyHandler.h">
      <Filter>Header Files</Filter>
    </ClInclude>
    <ClInclude Include="vcclr_local.h">
      <Filter>Header Files</Filter>
    </ClInclude>
    <ClInclude Include="JavascriptPropertyWrapper.h">
      <Filter>Header Files</Filter>
    </ClInclude>
    <ClInclude Include="JavascriptMethodWrapper.h">
      <Filter>Header Files</Filter>
    </ClInclude>
    <ClInclude Include="JavascriptObjectWrapper.h">
      <Filter>Header Files</Filter>
    </ClInclude>
    <ClInclude Include="..\CefSharp.Core.Runtime\Internals\MCefRefPtr.h">
      <Filter>Header Files</Filter>
    </ClInclude>
    <ClInclude Include="..\CefSharp.Core.Runtime\Internals\StringUtils.h">
      <Filter>Header Files</Filter>
    </ClInclude>
    <ClInclude Include="TypeUtils.h">
      <Filter>Header Files</Filter>
    </ClInclude>
    <ClInclude Include="JavascriptRootObjectWrapper.h">
      <Filter>Header Files</Filter>
    </ClInclude>
    <ClInclude Include="CefAppUnmanagedWrapper.h">
      <Filter>Header Files</Filter>
    </ClInclude>
    <ClInclude Include="CefBrowserWrapper.h">
      <Filter>Header Files</Filter>
    </ClInclude>
    <ClInclude Include="JavascriptCallbackRegistry.h">
      <Filter>Header Files</Filter>
    </ClInclude>
    <ClInclude Include="JavascriptCallbackWrapper.h">
      <Filter>Header Files</Filter>
    </ClInclude>
    <ClInclude Include="..\CefSharp.Core.Runtime\Internals\ReportUnhandledExceptions.h">
      <Filter>Header Files</Filter>
    </ClInclude>
    <ClInclude Include="..\CefSharp.Core.Runtime\Internals\Serialization\Primitives.h">
      <Filter>Header Files</Filter>
    </ClInclude>
    <ClInclude Include="Serialization\V8Serialization.h">
      <Filter>Header Files</Filter>
    </ClInclude>
    <ClInclude Include="Async\JavascriptAsyncObjectWrapper.h">
      <Filter>Header Files</Filter>
    </ClInclude>
    <ClInclude Include="Async\JavascriptAsyncMethodWrapper.h">
      <Filter>Header Files</Filter>
    </ClInclude>
    <ClInclude Include="Async\JavascriptAsyncMethodHandler.h">
      <Filter>Header Files</Filter>
    </ClInclude>
    <ClInclude Include="Async\JavascriptAsyncMethodCallback.h">
      <Filter>Header Files</Filter>
    </ClInclude>
    <ClInclude Include="..\CefSharp.Core.Runtime\Internals\Serialization\ObjectsSerialization.h">
      <Filter>Header Files</Filter>
    </ClInclude>
    <ClInclude Include="Serialization\JsObjectsSerialization.h">
      <Filter>Header Files</Filter>
    </ClInclude>
    <ClInclude Include="SubProcess.h">
      <Filter>Header Files</Filter>
    </ClInclude>
    <ClInclude Include="WcfEnabledSubProcess.h">
      <Filter>Header Files</Filter>
    </ClInclude>
    <ClInclude Include="resource.h">
      <Filter>Header Files</Filter>
    </ClInclude>
    <ClInclude Include="RegisterBoundObjectHandler.h">
      <Filter>Header Files</Filter>
    </ClInclude>
    <ClInclude Include="RegisterBoundObjectRegistry.h">
      <Filter>Header Files</Filter>
    </ClInclude>
    <ClInclude Include="Wrapper\Frame.h">
      <Filter>Header Files</Filter>
    </ClInclude>
    <ClInclude Include="Wrapper\Browser.h">
      <Filter>Header Files</Filter>
    </ClInclude>
    <ClInclude Include="Wrapper\V8Context.h">
      <Filter>Header Files</Filter>
    </ClInclude>
    <ClInclude Include="JavascriptPostMessageHandler.h">
      <Filter>Header Files</Filter>
    </ClInclude>
    <ClInclude Include="SubProcessApp.h">
      <Filter>Header Files</Filter>
    </ClInclude>
    <ClInclude Include="BindObjectAsyncHandler.h">
      <Filter>Header Files</Filter>
    </ClInclude>
    <ClInclude Include="Cef.h">
      <Filter>Header Files</Filter>
    </ClInclude>
    <ClInclude Include="JavascriptPromiseHandler.h">
      <Filter>Header Files</Filter>
    </ClInclude>
  </ItemGroup>
  <ItemGroup>
    <ClCompile Include="AssemblyInfo.cpp">
      <Filter>Source Files</Filter>
    </ClCompile>
    <ClCompile Include="Stdafx.cpp">
      <Filter>Source Files</Filter>
    </ClCompile>
    <ClCompile Include="TypeUtils.cpp">
      <Filter>Source Files</Filter>
    </ClCompile>
    <ClCompile Include="JavascriptMethodWrapper.cpp">
      <Filter>Source Files</Filter>
    </ClCompile>
    <ClCompile Include="JavascriptPropertyWrapper.cpp">
      <Filter>Source Files</Filter>
    </ClCompile>
    <ClCompile Include="JavascriptObjectWrapper.cpp">
      <Filter>Source Files</Filter>
    </ClCompile>
    <ClCompile Include="CefAppUnmanagedWrapper.cpp">
      <Filter>Source Files</Filter>
    </ClCompile>
    <ClCompile Include="JavascriptMethodHandler.cpp">
      <Filter>Source Files</Filter>
    </ClCompile>
    <ClCompile Include="JavascriptRootObjectWrapper.cpp">
      <Filter>Source Files</Filter>
    </ClCompile>
    <ClCompile Include="JavascriptCallbackRegistry.cpp">
      <Filter>Source Files</Filter>
    </ClCompile>
    <ClCompile Include="..\CefSharp.Core.Runtime\Internals\Serialization\Primitives.cpp">
      <Filter>Source Files</Filter>
    </ClCompile>
    <ClCompile Include="Serialization\V8Serialization.cpp">
      <Filter>Source Files</Filter>
    </ClCompile>
    <ClCompile Include="Async\JavascriptAsyncObjectWrapper.cpp">
      <Filter>Source Files</Filter>
    </ClCompile>
    <ClCompile Include="Async\JavascriptAsyncMethodWrapper.cpp">
      <Filter>Source Files</Filter>
    </ClCompile>
    <ClCompile Include="Async\JavascriptAsyncMethodHandler.cpp">
      <Filter>Source Files</Filter>
    </ClCompile>
    <ClCompile Include="Async\JavascriptAsyncMethodCallback.cpp">
      <Filter>Source Files</Filter>
    </ClCompile>
    <ClCompile Include="..\CefSharp.Core.Runtime\Internals\Serialization\ObjectsSerialization.cpp">
      <Filter>Source Files</Filter>
    </ClCompile>
    <ClCompile Include="Serialization\JsObjectsSerialization.cpp">
      <Filter>Source Files</Filter>
    </ClCompile>
    <ClCompile Include="WcfEnabledSubProcess.cpp">
      <Filter>Source Files</Filter>
    </ClCompile>
    <ClCompile Include="Wrapper\Frame.cpp">
      <Filter>Source Files</Filter>
    </ClCompile>
    <ClCompile Include="Wrapper\Browser.cpp">
      <Filter>Source Files</Filter>
    </ClCompile>
    <ClCompile Include="WcfBrowserSubprocessExecutable.h">
      <Filter>Header Files</Filter>
    </ClCompile>
    <ClCompile Include="BrowserSubprocessExecutable.h">
      <Filter>Header Files</Filter>
    </ClCompile>
  </ItemGroup>
  <ItemGroup>
    <ResourceCompile Include="Resource.rc" />
  </ItemGroup>
  <ItemGroup>
    <None Include="packages.CefSharp.BrowserSubprocess.Core.config" />
  </ItemGroup>
</Project>