<?xml version="1.0" encoding="utf-8"?>
<Project ToolsVersion="4.0" xmlns="http://schemas.microsoft.com/developer/msbuild/2003">
  <ItemGroup>
    <Filter Include="Source Files">
      <UniqueIdentifier>{4FC737F1-C7A5-4376-A066-2A32D752A2FF}</UniqueIdentifier>
      <Extensions>cpp;c;cc;cxx;def;odl;idl;hpj;bat;asm;asmx</Extensions>
    </Filter>
    <Filter Include="Header Files">
      <UniqueIdentifier>{93995380-89BD-4b04-88EB-625FBE52EBFB}</UniqueIdentifier>
      <Extensions>h;hpp;hxx;hm;inl;inc;xsd</Extensions>
    </Filter>
    <Filter Include="Source Files\Internals">
      <UniqueIdentifier>{dc2100d9-bcea-485e-8ef6-e6e407b078f0}</UniqueIdentifier>
    </Filter>
    <Filter Include="Source Files\Internals\JavascriptBinding">
      <UniqueIdentifier>{73171d01-6c6a-432e-a442-661fb059c336}</UniqueIdentifier>
    </Filter>
    <Filter Include="Header Files\Internals">
      <UniqueIdentifier>{7851f65a-4ad7-4e0f-aaa6-0c446f918ce1}</UniqueIdentifier>
    </Filter>
    <Filter Include="Header Files\Internals\JavascriptBinding">
      <UniqueIdentifier>{4bc3c074-5cd6-4061-a5b8-b1b43688a707}</UniqueIdentifier>
    </Filter>
  </ItemGroup>
  <ItemGroup>
    <ClCompile Include="AssemblyInfo.cpp">
      <Filter>Source Files</Filter>
    </ClCompile>
    <ClCompile Include="BrowserCore.cpp">
      <Filter>Source Files</Filter>
    </ClCompile>
    <ClCompile Include="BrowserSettings.cpp">
      <Filter>Source Files</Filter>
    </ClCompile>
    <ClCompile Include="ClientAdapter.cpp">
      <Filter>Source Files</Filter>
    </ClCompile>
    <ClCompile Include="CookieVisitor.cpp">
      <Filter>Source Files</Filter>
    </ClCompile>
    <ClCompile Include="DownloadAdapter.cpp">
      <Filter>Source Files</Filter>
    </ClCompile>
    <ClCompile Include="RenderClientAdapter.cpp">
      <Filter>Source Files</Filter>
    </ClCompile>
    <ClCompile Include="Request.cpp">
      <Filter>Source Files</Filter>
    </ClCompile>
    <ClCompile Include="RequestResponse.cpp">
      <Filter>Source Files</Filter>
    </ClCompile>
    <ClCompile Include="RtzCountdownEvent.cpp">
      <Filter>Source Files</Filter>
    </ClCompile>
    <ClCompile Include="ScriptCore.cpp">
      <Filter>Source Files</Filter>
    </ClCompile>
    <ClCompile Include="Stdafx.cpp">
      <Filter>Source Files</Filter>
    </ClCompile>
    <ClCompile Include="StreamAdapter.cpp">
      <Filter>Source Files</Filter>
    </ClCompile>
    <ClCompile Include="StringUtil.cpp">
      <Filter>Source Files</Filter>
    </ClCompile>
    <ClCompile Include="TypeUtil.cpp">
      <Filter>Source Files</Filter>
    </ClCompile>
    <ClCompile Include="Internals\JavascriptBinding\BindingHandler.cpp">
      <Filter>Source Files\Internals\JavascriptBinding</Filter>
    </ClCompile>
    <ClCompile Include="SchemeHandlerWrapper.cpp">
      <Filter>Source Files</Filter>
    </ClCompile>
    <ClCompile Include="SchemeHandlerResponse.cpp">
      <Filter>Source Files</Filter>
    </ClCompile>
  </ItemGroup>
  <ItemGroup>
    <ClInclude Include="BrowserCore.h">
      <Filter>Header Files</Filter>
    </ClInclude>
    <ClInclude Include="CefSharp.h">
      <Filter>Header Files</Filter>
    </ClInclude>
    <ClInclude Include="ClientAdapter.h">
      <Filter>Header Files</Filter>
    </ClInclude>
    <ClInclude Include="ConsoleMessageEventArgs.h">
      <Filter>Header Files</Filter>
    </ClInclude>
    <ClInclude Include="CookieVisitor.h">
      <Filter>Header Files</Filter>
    </ClInclude>
    <ClInclude Include="DownloadAdapter.h">
      <Filter>Header Files</Filter>
    </ClInclude>
    <ClInclude Include="ICookieVisitor.h">
      <Filter>Header Files</Filter>
    </ClInclude>
    <ClInclude Include="IDownloadHandler.h">
      <Filter>Header Files</Filter>
    </ClInclude>
    <ClInclude Include="IKeyboardHandler.h">
      <Filter>Header Files</Filter>
    </ClInclude>
    <ClInclude Include="ILifeSpanHandler.h">
      <Filter>Header Files</Filter>
    </ClInclude>
    <ClInclude Include="ILoadHandler.h">
      <Filter>Header Files</Filter>
    </ClInclude>
    <ClInclude Include="IMenuHandler.h">
      <Filter>Header Files</Filter>
    </ClInclude>
    <ClInclude Include="IRenderWebBrowser.h">
      <Filter>Header Files</Filter>
    </ClInclude>
    <ClInclude Include="IRequestHandler.h">
      <Filter>Header Files</Filter>
    </ClInclude>
    <ClInclude Include="IWebBrowser.h">
      <Filter>Header Files</Filter>
    </ClInclude>
    <ClInclude Include="LoadCompletedEventArgs.h">
      <Filter>Header Files</Filter>
    </ClInclude>
    <ClInclude Include="MCefRefPtr.h">
      <Filter>Header Files</Filter>
    </ClInclude>
    <ClInclude Include="RenderClientAdapter.h">
      <Filter>Header Files</Filter>
    </ClInclude>
    <ClInclude Include="Request.h">
      <Filter>Header Files</Filter>
    </ClInclude>
    <ClInclude Include="RequestResponse.h">
      <Filter>Header Files</Filter>
    </ClInclude>
    <ClInclude Include="RtzCountdownEvent.h">
      <Filter>Header Files</Filter>
    </ClInclude>
    <ClInclude Include="ScriptCore.h">
      <Filter>Header Files</Filter>
    </ClInclude>
    <ClInclude Include="ScriptException.h">
      <Filter>Header Files</Filter>
    </ClInclude>
    <ClInclude Include="Settings.h">
      <Filter>Header Files</Filter>
    </ClInclude>
    <ClInclude Include="Stdafx.h">
      <Filter>Header Files</Filter>
    </ClInclude>
    <ClInclude Include="StreamAdapter.h">
      <Filter>Header Files</Filter>
    </ClInclude>
    <ClInclude Include="StringUtil.h">
      <Filter>Header Files</Filter>
    </ClInclude>
    <ClInclude Include="TypeUtil.h">
      <Filter>Header Files</Filter>
    </ClInclude>
    <ClInclude Include="vcclr_local.h">
      <Filter>Header Files</Filter>
    </ClInclude>
    <ClInclude Include="Internals\JavascriptBinding\BindingHandler.h">
      <Filter>Header Files\Internals\JavascriptBinding</Filter>
    </ClInclude>
    <ClInclude Include="Internals\JavascriptBinding\UnmanagedWrapper.h">
      <Filter>Header Files\Internals\JavascriptBinding</Filter>
    </ClInclude>
    <ClInclude Include="Internals\JavascriptBinding\PropertyAccessor.h">
      <Filter>Header Files\Internals\JavascriptBinding</Filter>
    </ClInclude>
    <ClInclude Include="IRequest.h">
      <Filter>Header Files</Filter>
    </ClInclude>
    <ClInclude Include="IJsDialogHandler.h">
      <Filter>Header Files</Filter>
    </ClInclude>
    <ClInclude Include="SchemeHandlerWrapper.h">
      <Filter>Header Files</Filter>
    </ClInclude>
    <ClInclude Include="SchemeHandlerResponse.h">
      <Filter>Header Files</Filter>
    </ClInclude>
    <ClInclude Include="ISchemeHandler.h">
      <Filter>Header Files</Filter>
    </ClInclude>
    <ClInclude Include="LoadStartedEventArgs.h">
      <Filter>Header Files</Filter>
    </ClInclude>
  </ItemGroup>
</Project>